
Microsoft Visual Studio Solution File, Format Version 12.00
# Visual Studio Version 17
VisualStudioVersion = 17.8.34408.163
MinimumVisualStudioVersion = 10.0.40219.1
Project("{2150E333-8FDC-42A3-9474-1A3956D46DE8}") = "src", "src", "{DFB21682-5BB0-436A-9927-B8F14CA07B55}"
EndProject
Project("{2150E333-8FDC-42A3-9474-1A3956D46DE8}") = "tests", "tests", "{58125770-275D-4648-A6AE-4C15525955AE}"
EndProject
Project("{2150E333-8FDC-42A3-9474-1A3956D46DE8}") = "Solution Items", "Solution Items", "{2E4F7CDA-2C1E-4F73-8BC8-D6A5EA4624C3}"
EndProject
Project("{9A19103F-16F7-4668-BE54-9A1E7A4F7556}") = "CleanArchitecture.Domain", "src\CleanArchitecture.Domain\CleanArchitecture.Domain.csproj", "{4467CB01-9AEC-4667-8AAA-ED1A3C8633F4}"
EndProject
Project("{9A19103F-16F7-4668-BE54-9A1E7A4F7556}") = "CleanArchitecture.Application", "src\CleanArchitecture.Application\CleanArchitecture.Application.csproj", "{C945B6D2-EE71-4FE0-9CF7-CE7C12299886}"
EndProject
Project("{9A19103F-16F7-4668-BE54-9A1E7A4F7556}") = "CleanArchitecture.Api", "src\CleanArchitecture.Api\CleanArchitecture.Api.csproj", "{E6A73D17-A94F-42A2-BC6D-2246E25FFB1D}"
EndProject
Project("{FAE04EC0-301F-11D3-BF4B-00C04F79EFBC}") = "CleanArchitecture.Infrastructure.Persistence", "src\CleanArchitecture.Infrastructure.Persistence\CleanArchitecture.Infrastructure.Persistence.csproj", "{0B6D8CAE-D953-4734-86EF-E80AABAAAEF2}"
EndProject
Global
	GlobalSection(SolutionConfigurationPlatforms) = preSolution
		Debug|Any CPU = Debug|Any CPU
		Release|Any CPU = Release|Any CPU
	EndGlobalSection
	GlobalSection(ProjectConfigurationPlatforms) = postSolution
		{4467CB01-9AEC-4667-8AAA-ED1A3C8633F4}.Debug|Any CPU.ActiveCfg = Debug|Any CPU
		{4467CB01-9AEC-4667-8AAA-ED1A3C8633F4}.Debug|Any CPU.Build.0 = Debug|Any CPU
		{4467CB01-9AEC-4667-8AAA-ED1A3C8633F4}.Release|Any CPU.ActiveCfg = Release|Any CPU
		{4467CB01-9AEC-4667-8AAA-ED1A3C8633F4}.Release|Any CPU.Build.0 = Release|Any CPU
		{C945B6D2-EE71-4FE0-9CF7-CE7C12299886}.Debug|Any CPU.ActiveCfg = Debug|Any CPU
		{C945B6D2-EE71-4FE0-9CF7-CE7C12299886}.Debug|Any CPU.Build.0 = Debug|Any CPU
		{C945B6D2-EE71-4FE0-9CF7-CE7C12299886}.Release|Any CPU.ActiveCfg = Release|Any CPU
		{C945B6D2-EE71-4FE0-9CF7-CE7C12299886}.Release|Any CPU.Build.0 = Release|Any CPU
		{E6A73D17-A94F-42A2-BC6D-2246E25FFB1D}.Debug|Any CPU.ActiveCfg = Debug|Any CPU
		{E6A73D17-A94F-42A2-BC6D-2246E25FFB1D}.Debug|Any CPU.Build.0 = Debug|Any CPU
		{E6A73D17-A94F-42A2-BC6D-2246E25FFB1D}.Release|Any CPU.ActiveCfg = Release|Any CPU
		{E6A73D17-A94F-42A2-BC6D-2246E25FFB1D}.Release|Any CPU.Build.0 = Release|Any CPU
		{0B6D8CAE-D953-4734-86EF-E80AABAAAEF2}.Debug|Any CPU.ActiveCfg = Debug|Any CPU
		{0B6D8CAE-D953-4734-86EF-E80AABAAAEF2}.Debug|Any CPU.Build.0 = Debug|Any CPU
		{0B6D8CAE-D953-4734-86EF-E80AABAAAEF2}.Release|Any CPU.ActiveCfg = Release|Any CPU
		{0B6D8CAE-D953-4734-86EF-E80AABAAAEF2}.Release|Any CPU.Build.0 = Release|Any CPU
	EndGlobalSection
	GlobalSection(SolutionProperties) = preSolution
		HideSolutionNode = FALSE
	EndGlobalSection
	GlobalSection(NestedProjects) = preSolution
		{4467CB01-9AEC-4667-8AAA-ED1A3C8633F4} = {DFB21682-5BB0-436A-9927-B8F14CA07B55}
		{C945B6D2-EE71-4FE0-9CF7-CE7C12299886} = {DFB21682-5BB0-436A-9927-B8F14CA07B55}
		{E6A73D17-A94F-42A2-BC6D-2246E25FFB1D} = {DFB21682-5BB0-436A-9927-B8F14CA07B55}
		{0B6D8CAE-D953-4734-86EF-E80AABAAAEF2} = {DFB21682-5BB0-436A-9927-B8F14CA07B55}
	EndGlobalSection
	GlobalSection(ExtensibilityGlobals) = postSolution
		SolutionGuid = {48AE909C-79D7-48DC-949D-2766C1C4EF08}
	EndGlobalSection
EndGlobal
